
Microsoft Visual Studio Solution File, Format Version 12.00
# Visual Studio 14
VisualStudioVersion = 14.0.25420.1
MinimumVisualStudioVersion = 10.0.40219.1
Project("{FAE04EC0-301F-11D3-BF4B-00C04F79EFBC}") = "MySpider", "MySpider\MySpider.csproj", "{2D16EEE6-BA54-450B-85CE-1B4D9567C775}"
EndProject
Project("{FAE04EC0-301F-11D3-BF4B-00C04F79EFBC}") = "LogApplication", "LogApplication\LogApplication.csproj", "{BE514EF1-2953-4512-A6F3-BF659F1041AB}"
EndProject
Project("{2150E333-8FDC-42A3-9474-1A3956D46DE8}") = "BLL", "BLL", "{59545899-D9FA-48CD-B941-BD5C1F1EB37A}"
EndProject
Project("{2150E333-8FDC-42A3-9474-1A3956D46DE8}") = "DAL", "DAL", "{9480CB14-234D-420F-976F-6E8B65CE9168}"
EndProject
Project("{FAE04EC0-301F-11D3-BF4B-00C04F79EFBC}") = "IDAL", "IDAL\IDAL.csproj", "{BA4EF69E-AF21-4C90-A809-E7970C72089C}"
EndProject
Project("{FAE04EC0-301F-11D3-BF4B-00C04F79EFBC}") = "DAL", "DAL\DAL.csproj", "{C334DA97-2C1E-41BF-A55B-A28443F2DB42}"
EndProject
Project("{FAE04EC0-301F-11D3-BF4B-00C04F79EFBC}") = "IBLL", "ILibValueService\IBLL.csproj", "{5D973DA1-C608-43A6-8981-D4E7C8C2A40C}"
EndProject
Project("{FAE04EC0-301F-11D3-BF4B-00C04F79EFBC}") = "BLL", "LibleValueService\BLL.csproj", "{EDE20C74-5296-4F27-9D2A-563FA2477FC3}"
EndProject
Project("{2150E333-8FDC-42A3-9474-1A3956D46DE8}") = "Model", "Model", "{E1DEC85E-8945-450A-82BD-04DF17CCF8FD}"
EndProject
Project("{FAE04EC0-301F-11D3-BF4B-00C04F79EFBC}") = "Model", "Model\Model.csproj", "{774F88F7-E755-401C-92D2-AD6BF7348F72}"
EndProject
Project("{FAE04EC0-301F-11D3-BF4B-00C04F79EFBC}") = "DALContainer", "DALContainer\DALContainer.csproj", "{1A74D350-930D-4F43-B3EF-9FB068174A16}"
EndProject
Project("{2150E333-8FDC-42A3-9474-1A3956D46DE8}") = "Helper", "Helper", "{E5050BC0-DB91-46A2-89CD-FC57C1661BC8}"
EndProject
Project("{2150E333-8FDC-42A3-9474-1A3956D46DE8}") = "UI", "UI", "{6B1BA1D3-B1EC-427D-955E-0783B71FC20C}"
EndProject
Project("{FAE04EC0-301F-11D3-BF4B-00C04F79EFBC}") = "BLLContainer", "BLLContainer\BLLContainer.csproj", "{EA2520AF-5C54-45F9-8AF3-202A771D4D90}"
EndProject
Project("{2150E333-8FDC-42A3-9474-1A3956D46DE8}") = "爬虫说明", "爬虫说明", "{2D7FA588-E6AF-4DFB-AE1D-ADE1E93F63F0}"
	ProjectSection(SolutionItems) = preProject
		C:\Users\Administrator\Desktop\ExecSQL.sql = C:\Users\Administrator\Desktop\ExecSQL.sql
		说明文件.txt = 说明文件.txt
	EndProjectSection
EndProject
Project("{FAE04EC0-301F-11D3-BF4B-00C04F79EFBC}") = "WinFormSpider", "MySpiderOne\WinFormSpider.csproj", "{89D90CCF-0CCB-4118-BFF2-C8715DBD33EC}"
EndProject
Global
	GlobalSection(SolutionConfigurationPlatforms) = preSolution
		Debug|Any CPU = Debug|Any CPU
		Release|Any CPU = Release|Any CPU
	EndGlobalSection
	GlobalSection(ProjectConfigurationPlatforms) = postSolution
		{2D16EEE6-BA54-450B-85CE-1B4D9567C775}.Debug|Any CPU.ActiveCfg = Debug|Any CPU
		{2D16EEE6-BA54-450B-85CE-1B4D9567C775}.Debug|Any CPU.Build.0 = Debug|Any CPU
		{2D16EEE6-BA54-450B-85CE-1B4D9567C775}.Release|Any CPU.ActiveCfg = Release|Any CPU
		{2D16EEE6-BA54-450B-85CE-1B4D9567C775}.Release|Any CPU.Build.0 = Release|Any CPU
		{BE514EF1-2953-4512-A6F3-BF659F1041AB}.Debug|Any CPU.ActiveCfg = Debug|Any CPU
		{BE514EF1-2953-4512-A6F3-BF659F1041AB}.Debug|Any CPU.Build.0 = Debug|Any CPU
		{BE514EF1-2953-4512-A6F3-BF659F1041AB}.Release|Any CPU.ActiveCfg = Release|Any CPU
		{BE514EF1-2953-4512-A6F3-BF659F1041AB}.Release|Any CPU.Build.0 = Release|Any CPU
		{BA4EF69E-AF21-4C90-A809-E7970C72089C}.Debug|Any CPU.ActiveCfg = Debug|Any CPU
		{BA4EF69E-AF21-4C90-A809-E7970C72089C}.Debug|Any CPU.Build.0 = Debug|Any CPU
		{BA4EF69E-AF21-4C90-A809-E7970C72089C}.Release|Any CPU.ActiveCfg = Release|Any CPU
		{BA4EF69E-AF21-4C90-A809-E7970C72089C}.Release|Any CPU.Build.0 = Release|Any CPU
		{C334DA97-2C1E-41BF-A55B-A28443F2DB42}.Debug|Any CPU.ActiveCfg = Debug|Any CPU
		{C334DA97-2C1E-41BF-A55B-A28443F2DB42}.Debug|Any CPU.Build.0 = Debug|Any CPU
		{C334DA97-2C1E-41BF-A55B-A28443F2DB42}.Release|Any CPU.ActiveCfg = Release|Any CPU
		{C334DA97-2C1E-41BF-A55B-A28443F2DB42}.Release|Any CPU.Build.0 = Release|Any CPU
		{5D973DA1-C608-43A6-8981-D4E7C8C2A40C}.Debug|Any CPU.ActiveCfg = Debug|Any CPU
		{5D973DA1-C608-43A6-8981-D4E7C8C2A40C}.Debug|Any CPU.Build.0 = Debug|Any CPU
		{5D973DA1-C608-43A6-8981-D4E7C8C2A40C}.Release|Any CPU.ActiveCfg = Release|Any CPU
		{5D973DA1-C608-43A6-8981-D4E7C8C2A40C}.Release|Any CPU.Build.0 = Release|Any CPU
		{EDE20C74-5296-4F27-9D2A-563FA2477FC3}.Debug|Any CPU.ActiveCfg = Debug|Any CPU
		{EDE20C74-5296-4F27-9D2A-563FA2477FC3}.Debug|Any CPU.Build.0 = Debug|Any CPU
		{EDE20C74-5296-4F27-9D2A-563FA2477FC3}.Release|Any CPU.ActiveCfg = Release|Any CPU
		{EDE20C74-5296-4F27-9D2A-563FA2477FC3}.Release|Any CPU.Build.0 = Release|Any CPU
		{774F88F7-E755-401C-92D2-AD6BF7348F72}.Debug|Any CPU.ActiveCfg = Debug|Any CPU
		{774F88F7-E755-401C-92D2-AD6BF7348F72}.Debug|Any CPU.Build.0 = Debug|Any CPU
		{774F88F7-E755-401C-92D2-AD6BF7348F72}.Release|Any CPU.ActiveCfg = Release|Any CPU
		{774F88F7-E755-401C-92D2-AD6BF7348F72}.Release|Any CPU.Build.0 = Release|Any CPU
		{1A74D350-930D-4F43-B3EF-9FB068174A16}.Debug|Any CPU.ActiveCfg = Debug|Any CPU
		{1A74D350-930D-4F43-B3EF-9FB068174A16}.Debug|Any CPU.Build.0 = Debug|Any CPU
		{1A74D350-930D-4F43-B3EF-9FB068174A16}.Release|Any CPU.ActiveCfg = Release|Any CPU
		{1A74D350-930D-4F43-B3EF-9FB068174A16}.Release|Any CPU.Build.0 = Release|Any CPU
		{EA2520AF-5C54-45F9-8AF3-202A771D4D90}.Debug|Any CPU.ActiveCfg = Debug|Any CPU
		{EA2520AF-5C54-45F9-8AF3-202A771D4D90}.Debug|Any CPU.Build.0 = Debug|Any CPU
		{EA2520AF-5C54-45F9-8AF3-202A771D4D90}.Release|Any CPU.ActiveCfg = Release|Any CPU
		{EA2520AF-5C54-45F9-8AF3-202A771D4D90}.Release|Any CPU.Build.0 = Release|Any CPU
		{89D90CCF-0CCB-4118-BFF2-C8715DBD33EC}.Debug|Any CPU.ActiveCfg = Debug|Any CPU
		{89D90CCF-0CCB-4118-BFF2-C8715DBD33EC}.Debug|Any CPU.Build.0 = Debug|Any CPU
		{89D90CCF-0CCB-4118-BFF2-C8715DBD33EC}.Release|Any CPU.ActiveCfg = Release|Any CPU
		{89D90CCF-0CCB-4118-BFF2-C8715DBD33EC}.Release|Any CPU.Build.0 = Release|Any CPU
	EndGlobalSection
	GlobalSection(SolutionProperties) = preSolution
		HideSolutionNode = FALSE
	EndGlobalSection
	GlobalSection(NestedProjects) = preSolution
		{2D16EEE6-BA54-450B-85CE-1B4D9567C775} = {E5050BC0-DB91-46A2-89CD-FC57C1661BC8}
		{BE514EF1-2953-4512-A6F3-BF659F1041AB} = {E5050BC0-DB91-46A2-89CD-FC57C1661BC8}
		{BA4EF69E-AF21-4C90-A809-E7970C72089C} = {9480CB14-234D-420F-976F-6E8B65CE9168}
		{C334DA97-2C1E-41BF-A55B-A28443F2DB42} = {9480CB14-234D-420F-976F-6E8B65CE9168}
		{5D973DA1-C608-43A6-8981-D4E7C8C2A40C} = {59545899-D9FA-48CD-B941-BD5C1F1EB37A}
		{EDE20C74-5296-4F27-9D2A-563FA2477FC3} = {59545899-D9FA-48CD-B941-BD5C1F1EB37A}
		{774F88F7-E755-401C-92D2-AD6BF7348F72} = {E1DEC85E-8945-450A-82BD-04DF17CCF8FD}
		{1A74D350-930D-4F43-B3EF-9FB068174A16} = {9480CB14-234D-420F-976F-6E8B65CE9168}
		{EA2520AF-5C54-45F9-8AF3-202A771D4D90} = {59545899-D9FA-48CD-B941-BD5C1F1EB37A}
		{89D90CCF-0CCB-4118-BFF2-C8715DBD33EC} = {6B1BA1D3-B1EC-427D-955E-0783B71FC20C}
	EndGlobalSection
EndGlobal
